// !$*UTF8*$!
{
	archiveVersion = 1;
	classes = {
	};
	objectVersion = 50;
	objects = {

/* Begin PBXBuildFile section */
		80398C67251AEC9300399442 /* AppDelegate.swift in Sources */ = {isa = PBXBuildFile; fileRef = 80398C66251AEC9300399442 /* AppDelegate.swift */; };
		80398C69251AEC9300399442 /* SceneDelegate.swift in Sources */ = {isa = PBXBuildFile; fileRef = 80398C68251AEC9300399442 /* SceneDelegate.swift */; };
		80398C6B251AEC9300399442 /* ViewController.swift in Sources */ = {isa = PBXBuildFile; fileRef = 80398C6A251AEC9300399442 /* ViewController.swift */; };
		80398C6E251AEC9300399442 /* Main.storyboard in Resources */ = {isa = PBXBuildFile; fileRef = 80398C6C251AEC9300399442 /* Main.storyboard */; };
		80398C70251AEC9600399442 /* Assets.xcassets in Resources */ = {isa = PBXBuildFile; fileRef = 80398C6F251AEC9600399442 /* Assets.xcassets */; };
		80398C73251AEC9600399442 /* LaunchScreen.storyboard in Resources */ = {isa = PBXBuildFile; fileRef = 80398C71251AEC9600399442 /* LaunchScreen.storyboard */; };
		80398C7C251AED2C00399442 /* Friend.swift in Sources */ = {isa = PBXBuildFile; fileRef = 80398C7B251AED2C00399442 /* Friend.swift */; };
		80398C7E251AED6D00399442 /* Connection.swift in Sources */ = {isa = PBXBuildFile; fileRef = 80398C7D251AED6D00399442 /* Connection.swift */; };
		80398C81251AF2B200399442 /* JSONDecoderRemote.swift in Sources */ = {isa = PBXBuildFile; fileRef = 80398C80251AF2B200399442 /* JSONDecoderRemote.swift */; };
		80398C83251AF46F00399442 /* FriendDataSource.swift in Sources */ = {isa = PBXBuildFile; fileRef = 80398C82251AF46F00399442 /* FriendDataSource.swift */; };
/* End PBXBuildFile section */

/* Begin PBXFileReference section */
		80398C63251AEC9300399442 /* FriendFace.app */ = {isa = PBXFileReference; explicitFileType = wrapper.application; includeInIndex = 0; path = FriendFace.app; sourceTree = BUILT_PRODUCTS_DIR; };
		80398C66251AEC9300399442 /* AppDelegate.swift */ = {isa = PBXFileReference; lastKnownFileType = sourcecode.swift; path = AppDelegate.swift; sourceTree = "<group>"; };
		80398C68251AEC9300399442 /* SceneDelegate.swift */ = {isa = PBXFileReference; lastKnownFileType = sourcecode.swift; path = SceneDelegate.swift; sourceTree = "<group>"; };
		80398C6A251AEC9300399442 /* ViewController.swift */ = {isa = PBXFileReference; lastKnownFileType = sourcecode.swift; path = ViewController.swift; sourceTree = "<group>"; };
		80398C6D251AEC9300399442 /* Base */ = {isa = PBXFileReference; lastKnownFileType = file.storyboard; name = Base; path = Base.lproj/Main.storyboard; sourceTree = "<group>"; };
		80398C6F251AEC9600399442 /* Assets.xcassets */ = {isa = PBXFileReference; lastKnownFileType = folder.assetcatalog; path = Assets.xcassets; sourceTree = "<group>"; };
		80398C72251AEC9600399442 /* Base */ = {isa = PBXFileReference; lastKnownFileType = file.storyboard; name = Base; path = Base.lproj/LaunchScreen.storyboard; sourceTree = "<group>"; };
		80398C74251AEC9600399442 /* Info.plist */ = {isa = PBXFileReference; lastKnownFileType = text.plist.xml; path = Info.plist; sourceTree = "<group>"; };
		80398C7B251AED2C00399442 /* Friend.swift */ = {isa = PBXFileReference; lastKnownFileType = sourcecode.swift; path = Friend.swift; sourceTree = "<group>"; };
		80398C7D251AED6D00399442 /* Connection.swift */ = {isa = PBXFileReference; lastKnownFileType = sourcecode.swift; path = Connection.swift; sourceTree = "<group>"; };
		80398C80251AF2B200399442 /* JSONDecoderRemote.swift */ = {isa = PBXFileReference; lastKnownFileType = sourcecode.swift; path = JSONDecoderRemote.swift; sourceTree = "<group>"; };
		80398C82251AF46F00399442 /* FriendDataSource.swift */ = {isa = PBXFileReference; lastKnownFileType = sourcecode.swift; path = FriendDataSource.swift; sourceTree = "<group>"; };
/* End PBXFileReference section */

/* Begin PBXFrameworksBuildPhase section */
		80398C60251AEC9300399442 /* Frameworks */ = {
			isa = PBXFrameworksBuildPhase;
			buildActionMask = 2147483647;
			files = (
			);
			runOnlyForDeploymentPostprocessing = 0;
		};
/* End PBXFrameworksBuildPhase section */

/* Begin PBXGroup section */
		80398C5A251AEC9300399442 = {
			isa = PBXGroup;
			children = (
				80398C65251AEC9300399442 /* FriendFace */,
				80398C64251AEC9300399442 /* Products */,
			);
			sourceTree = "<group>";
		};
		80398C64251AEC9300399442 /* Products */ = {
			isa = PBXGroup;
			children = (
				80398C63251AEC9300399442 /* FriendFace.app */,
			);
			name = Products;
			sourceTree = "<group>";
		};
		80398C65251AEC9300399442 /* FriendFace */ = {
			isa = PBXGroup;
			children = (
				80398C7F251AF29900399442 /* Manager */,
				80398C7A251AED1B00399442 /* Model */,
				80398C66251AEC9300399442 /* AppDelegate.swift */,
				80398C68251AEC9300399442 /* SceneDelegate.swift */,
				80398C6A251AEC9300399442 /* ViewController.swift */,
				80398C6C251AEC9300399442 /* Main.storyboard */,
				80398C6F251AEC9600399442 /* Assets.xcassets */,
				80398C71251AEC9600399442 /* LaunchScreen.storyboard */,
				80398C74251AEC9600399442 /* Info.plist */,
				80398C80251AF2B200399442 /* JSONDecoderRemote.swift */,
				80398C82251AF46F00399442 /* FriendDataSource.swift */,
			);
			path = FriendFace;
			sourceTree = "<group>";
		};
		80398C7A251AED1B00399442 /* Model */ = {
			isa = PBXGroup;
			children = (
				80398C7B251AED2C00399442 /* Friend.swift */,
				80398C7D251AED6D00399442 /* Connection.swift */,
			);
			path = Model;
			sourceTree = "<group>";
		};
		80398C7F251AF29900399442 /* Manager */ = {
			isa = PBXGroup;
			children = (
			);
			path = Manager;
			sourceTree = "<group>";
		};
/* End PBXGroup section */

/* Begin PBXNativeTarget section */
		80398C62251AEC9300399442 /* FriendFace */ = {
			isa = PBXNativeTarget;
			buildConfigurationList = 80398C77251AEC9600399442 /* Build configuration list for PBXNativeTarget "FriendFace" */;
			buildPhases = (
				80398C5F251AEC9300399442 /* Sources */,
				80398C60251AEC9300399442 /* Frameworks */,
				80398C61251AEC9300399442 /* Resources */,
			);
			buildRules = (
			);
			dependencies = (
			);
			name = FriendFace;
			productName = FriendFace;
			productReference = 80398C63251AEC9300399442 /* FriendFace.app */;
			productType = "com.apple.product-type.application";
		};
/* End PBXNativeTarget section */

/* Begin PBXProject section */
		80398C5B251AEC9300399442 /* Project object */ = {
			isa = PBXProject;
			attributes = {
				LastSwiftUpdateCheck = 1140;
				LastUpgradeCheck = 1140;
				ORGANIZATIONNAME = "Umair Saeed";
				TargetAttributes = {
					80398C62251AEC9300399442 = {
						CreatedOnToolsVersion = 11.4;
					};
				};
			};
			buildConfigurationList = 80398C5E251AEC9300399442 /* Build configuration list for PBXProject "FriendFace" */;
			compatibilityVersion = "Xcode 9.3";
			developmentRegion = en;
			hasScannedForEncodings = 0;
			knownRegions = (
				en,
				Base,
			);
			mainGroup = 80398C5A251AEC9300399442;
			productRefGroup = 80398C64251AEC9300399442 /* Products */;
			projectDirPath = "";
			projectRoot = "";
			targets = (
				80398C62251AEC9300399442 /* FriendFace */,
			);
		};
/* End PBXProject section */

/* Begin PBXResourcesBuildPhase section */
		80398C61251AEC9300399442 /* Resources */ = {
			isa = PBXResourcesBuildPhase;
			buildActionMask = 2147483647;
			files = (
				80398C73251AEC9600399442 /* LaunchScreen.storyboard in Resources */,
				80398C70251AEC9600399442 /* Assets.xcassets in Resources */,
				80398C6E251AEC9300399442 /* Main.storyboard in Resources */,
			);
			runOnlyForDeploymentPostprocessing = 0;
		};
/* End PBXResourcesBuildPhase section */

/* Begin PBXSourcesBuildPhase section */
		80398C5F251AEC9300399442 /* Sources */ = {
			isa = PBXSourcesBuildPhase;
			buildActionMask = 2147483647;
			files = (
				80398C81251AF2B200399442 /* JSONDecoderRemote.swift in Sources */,
				80398C6B251AEC9300399442 /* ViewController.swift in Sources */,
				80398C67251AEC9300399442 /* AppDelegate.swift in Sources */,
				80398C7E251AED6D00399442 /* Connection.swift in Sources */,
				80398C83251AF46F00399442 /* FriendDataSource.swift in Sources */,
				80398C69251AEC9300399442 /* SceneDelegate.swift in Sources */,
				80398C7C251AED2C00399442 /* Friend.swift in Sources */,
			);
			runOnlyForDeploymentPostprocessing = 0;
		};
/* End PBXSourcesBuildPhase section */

/* Begin PBXVariantGroup section */
		80398C6C251AEC9300399442 /* Main.storyboard */ = {
			isa = PBXVariantGroup;
			children = (
				80398C6D251AEC9300399442 /* Base */,
			);
			name = Main.storyboard;
			sourceTree = "<group>";
		};
		80398C71251AEC9600399442 /* LaunchScreen.storyboard */ = {
			isa = PBXVariantGroup;
			children = (
				80398C72251AEC9600399442 /* Base */,
			);
			name = LaunchScreen.storyboard;
			sourceTree = "<group>";
		};
/* End PBXVariantGroup section */

/* Begin XCBuildConfiguration section */
		80398C75251AEC9600399442 /* Debug */ = {
			isa = XCBuildConfiguration;
			buildSettings = {
				ALWAYS_SEARCH_USER_PATHS = NO;
				CLANG_ANALYZER_NONNULL = YES;
				CLANG_ANALYZER_NUMBER_OBJECT_CONVERSION = YES_AGGRESSIVE;
				CLANG_CXX_LANGUAGE_STANDARD = "gnu++14";
				CLANG_CXX_LIBRARY = "libc++";
				CLANG_ENABLE_MODULES = YES;
				CLANG_ENABLE_OBJC_ARC = YES;
				CLANG_ENABLE_OBJC_WEAK = YES;
				CLANG_WARN_BLOCK_CAPTURE_AUTORELEASING = YES;
				CLANG_WARN_BOOL_CONVERSION = YES;
				CLANG_WARN_COMMA = YES;
				CLANG_WARN_CONSTANT_CONVERSION = YES;
				CLANG_WARN_DEPRECATED_OBJC_IMPLEMENTATIONS = YES;
				CLANG_WARN_DIRECT_OBJC_ISA_USAGE = YES_ERROR;
				CLANG_WARN_DOCUMENTATION_COMMENTS = YES;
				CLANG_WARN_EMPTY_BODY = YES;
				CLANG_WARN_ENUM_CONVERSION = YES;
				CLANG_WARN_INFINITE_RECURSION = YES;
				CLANG_WARN_INT_CONVERSION = YES;
				CLANG_WARN_NON_LITERAL_NULL_CONVERSION = YES;
				CLANG_WARN_OBJC_IMPLICIT_RETAIN_SELF = YES;
				CLANG_WARN_OBJC_LITERAL_CONVERSION = YES;
				CLANG_WARN_OBJC_ROOT_CLASS = YES_ERROR;
				CLANG_WARN_RANGE_LOOP_ANALYSIS = YES;
				CLANG_WARN_STRICT_PROTOTYPES = YES;
				CLANG_WARN_SUSPICIOUS_MOVE = YES;
				CLANG_WARN_UNGUARDED_AVAILABILITY = YES_AGGRESSIVE;
				CLANG_WARN_UNREACHABLE_CODE = YES;
				CLANG_WARN__DUPLICATE_METHOD_MATCH = YES;
				COPY_PHASE_STRIP = NO;
				DEBUG_INFORMATION_FORMAT = dwarf;
				ENABLE_STRICT_OBJC_MSGSEND = YES;
				ENABLE_TESTABILITY = YES;
				GCC_C_LANGUAGE_STANDARD = gnu11;
				GCC_DYNAMIC_NO_PIC = NO;
				GCC_NO_COMMON_BLOCKS = YES;
				GCC_OPTIMIZATION_LEVEL = 0;
				GCC_PREPROCESSOR_DEFINITIONS = (
					"DEBUG=1",
					"$(inherited)",
				);
				GCC_WARN_64_TO_32_BIT_CONVERSION = YES;
				GCC_WARN_ABOUT_RETURN_TYPE = YES_ERROR;
				GCC_WARN_UNDECLARED_SELECTOR = YES;
				GCC_WARN_UNINITIALIZED_AUTOS = YES_AGGRESSIVE;
				GCC_WARN_UNUSED_FUNCTION = YES;
				GCC_WARN_UNUSED_VARIABLE = YES;
				IPHONEOS_DEPLOYMENT_TARGET = 13.4;
				MTL_ENABLE_DEBUG_INFO = INCLUDE_SOURCE;
				MTL_FAST_MATH = YES;
				ONLY_ACTIVE_ARCH = YES;
				SDKROOT = iphoneos;
				SWIFT_ACTIVE_COMPILATION_CONDITIONS = DEBUG;
				SWIFT_OPTIMIZATION_LEVEL = "-Onone";
			};
			name = Debug;
		};
		80398C76251AEC9600399442 /* Release */ = {
			isa = XCBuildConfiguration;
			buildSettings = {
				ALWAYS_SEARCH_USER_PATHS = NO;
				CLANG_ANALYZER_NONNULL = YES;
				CLANG_ANALYZER_NUMBER_OBJECT_CONVERSION = YES_AGGRESSIVE;
				CLANG_CXX_LANGUAGE_STANDARD = "gnu++14";
				CLANG_CXX_LIBRARY = "libc++";
				CLANG_ENABLE_MODULES = YES;
				CLANG_ENABLE_OBJC_ARC = YES;
				CLANG_ENABLE_OBJC_WEAK = YES;
				CLANG_WARN_BLOCK_CAPTURE_AUTORELEASING = YES;
				CLANG_WARN_BOOL_CONVERSION = YES;
				CLANG_WARN_COMMA = YES;
				CLANG_WARN_CONSTANT_CONVERSION = YES;
				CLANG_WARN_DEPRECATED_OBJC_IMPLEMENTATIONS = YES;
				CLANG_WARN_DIRECT_OBJC_ISA_USAGE = YES_ERROR;
				CLANG_WARN_DOCUMENTATION_COMMENTS = YES;
				CLANG_WARN_EMPTY_BODY = YES;
				CLANG_WARN_ENUM_CONVERSION = YES;
				CLANG_WARN_INFINITE_RECURSION = YES;
				CLANG_WARN_INT_CONVERSION = YES;
				CLANG_WARN_NON_LITERAL_NULL_CONVERSION = YES;
				CLANG_WARN_OBJC_IMPLICIT_RETAIN_SELF = YES;
				CLANG_WARN_OBJC_LITERAL_CONVERSION = YES;
				CLANG_WARN_OBJC_ROOT_CLASS = YES_ERROR;
				CLANG_WARN_RANGE_LOOP_ANALYSIS = YES;
				CLANG_WARN_STRICT_PROTOTYPES = YES;
				CLANG_WARN_SUSPICIOUS_MOVE = YES;
				CLANG_WARN_UNGUARDED_AVAILABILITY = YES_AGGRESSIVE;
				CLANG_WARN_UNREACHABLE_CODE = YES;
				CLANG_WARN__DUPLICATE_METHOD_MATCH = YES;
				COPY_PHASE_STRIP = NO;
				DEBUG_INFORMATION_FORMAT = "dwarf-with-dsym";
				ENABLE_NS_ASSERTIONS = NO;
				ENABLE_STRICT_OBJC_MSGSEND = YES;
				GCC_C_LANGUAGE_STANDARD = gnu11;
				GCC_NO_COMMON_BLOCKS = YES;
				GCC_WARN_64_TO_32_BIT_CONVERSION = YES;
				GCC_WARN_ABOUT_RETURN_TYPE = YES_ERROR;
				GCC_WARN_UNDECLARED_SELECTOR = YES;
				GCC_WARN_UNINITIALIZED_AUTOS = YES_AGGRESSIVE;
				GCC_WARN_UNUSED_FUNCTION = YES;
				GCC_WARN_UNUSED_VARIABLE = YES;
				IPHONEOS_DEPLOYMENT_TARGET = 13.4;
				MTL_ENABLE_DEBUG_INFO = NO;
				MTL_FAST_MATH = YES;
				SDKROOT = iphoneos;
				SWIFT_COMPILATION_MODE = wholemodule;
				SWIFT_OPTIMIZATION_LEVEL = "-O";
				VALIDATE_PRODUCT = YES;
			};
			name = Release;
		};
		80398C78251AEC9600399442 /* Debug */ = {
			isa = XCBuildConfiguration;
			buildSettings = {
				ASSETCATALOG_COMPILER_APPICON_NAME = AppIcon;
				CODE_SIGN_STYLE = Automatic;
				INFOPLIST_FILE = FriendFace/Info.plist;
				LD_RUNPATH_SEARCH_PATHS = (
					"$(inherited)",
					"@executable_path/Frameworks",
				);
				PRODUCT_BUNDLE_IDENTIFIER = com.umairsaeed.FriendFace;
				PRODUCT_NAME = "$(TARGET_NAME)";
				SWIFT_VERSION = 5.0;
				TARGETED_DEVICE_FAMILY = "1,2";
			};
			name = Debug;
		};
		80398C79251AEC9600399442 /* Release */ = {
			isa = XCBuildConfiguration;
			buildSettings = {
				ASSETCATALOG_COMPILER_APPICON_NAME = AppIcon;
				CODE_SIGN_STYLE = Automatic;
				INFOPLIST_FILE = FriendFace/Info.plist;
				LD_RUNPATH_SEARCH_PATHS = (
					"$(inherited)",
					"@executable_path/Frameworks",
				);
				PRODUCT_BUNDLE_IDENTIFIER = com.umairsaeed.FriendFace;
				PRODUCT_NAME = "$(TARGET_NAME)";
				SWIFT_VERSION = 5.0;
				TARGETED_DEVICE_FAMILY = "1,2";
			};
			name = Release;
		};
/* End XCBuildConfiguration section */

/* Begin XCConfigurationList section */
		80398C5E251AEC9300399442 /* Build configuration list for PBXProject "FriendFace" */ = {
			isa = XCConfigurationList;
			buildConfigurations = (
				80398C75251AEC9600399442 /* Debug */,
				80398C76251AEC9600399442 /* Release */,
			);
			defaultConfigurationIsVisible = 0;
			defaultConfigurationName = Release;
		};
		80398C77251AEC9600399442 /* Build configuration list for PBXNativeTarget "FriendFace" */ = {
			isa = XCConfigurationList;
			buildConfigurations = (
				80398C78251AEC9600399442 /* Debug */,
				80398C79251AEC9600399442 /* Release */,
			);
			defaultConfigurationIsVisible = 0;
			defaultConfigurationName = Release;
		};
/* End XCConfigurationList section */
	};
	rootObject = 80398C5B251AEC9300399442 /* Project object */;
}
