// !$*UTF8*$!
{
	archiveVersion = 1;
	classes = {
	};
	objectVersion = 50;
	objects = {

/* Begin PBXBuildFile section */
		80EC3D3A24A2DC0300D49755 /* AppDelegate.swift in Sources */ = {isa = PBXBuildFile; fileRef = 80EC3D3924A2DC0300D49755 /* AppDelegate.swift */; };
		80EC3D3C24A2DC0300D49755 /* SceneDelegate.swift in Sources */ = {isa = PBXBuildFile; fileRef = 80EC3D3B24A2DC0300D49755 /* SceneDelegate.swift */; };
		80EC3D3E24A2DC0300D49755 /* ContentView.swift in Sources */ = {isa = PBXBuildFile; fileRef = 80EC3D3D24A2DC0300D49755 /* ContentView.swift */; };
		80EC3D4024A2DC0400D49755 /* Assets.xcassets in Resources */ = {isa = PBXBuildFile; fileRef = 80EC3D3F24A2DC0400D49755 /* Assets.xcassets */; };
		80EC3D4324A2DC0400D49755 /* Preview Assets.xcassets in Resources */ = {isa = PBXBuildFile; fileRef = 80EC3D4224A2DC0400D49755 /* Preview Assets.xcassets */; };
		80EC3D4624A2DC0400D49755 /* LaunchScreen.storyboard in Resources */ = {isa = PBXBuildFile; fileRef = 80EC3D4424A2DC0400D49755 /* LaunchScreen.storyboard */; };
		80EC3D5124A2DC0400D49755 /* RGBullsEyeTests.swift in Sources */ = {isa = PBXBuildFile; fileRef = 80EC3D5024A2DC0400D49755 /* RGBullsEyeTests.swift */; };
		80EC3D5C24A2DC0400D49755 /* RGBullsEyeUITests.swift in Sources */ = {isa = PBXBuildFile; fileRef = 80EC3D5B24A2DC0400D49755 /* RGBullsEyeUITests.swift */; };
/* End PBXBuildFile section */

/* Begin PBXContainerItemProxy section */
		80EC3D4D24A2DC0400D49755 /* PBXContainerItemProxy */ = {
			isa = PBXContainerItemProxy;
			containerPortal = 80EC3D2E24A2DC0300D49755 /* Project object */;
			proxyType = 1;
			remoteGlobalIDString = 80EC3D3524A2DC0300D49755;
			remoteInfo = RGBullsEye;
		};
		80EC3D5824A2DC0400D49755 /* PBXContainerItemProxy */ = {
			isa = PBXContainerItemProxy;
			containerPortal = 80EC3D2E24A2DC0300D49755 /* Project object */;
			proxyType = 1;
			remoteGlobalIDString = 80EC3D3524A2DC0300D49755;
			remoteInfo = RGBullsEye;
		};
/* End PBXContainerItemProxy section */

/* Begin PBXFileReference section */
		80EC3D3624A2DC0300D49755 /* RGBullsEye.app */ = {isa = PBXFileReference; explicitFileType = wrapper.application; includeInIndex = 0; path = RGBullsEye.app; sourceTree = BUILT_PRODUCTS_DIR; };
		80EC3D3924A2DC0300D49755 /* AppDelegate.swift */ = {isa = PBXFileReference; lastKnownFileType = sourcecode.swift; path = AppDelegate.swift; sourceTree = "<group>"; };
		80EC3D3B24A2DC0300D49755 /* SceneDelegate.swift */ = {isa = PBXFileReference; lastKnownFileType = sourcecode.swift; path = SceneDelegate.swift; sourceTree = "<group>"; };
		80EC3D3D24A2DC0300D49755 /* ContentView.swift */ = {isa = PBXFileReference; lastKnownFileType = sourcecode.swift; path = ContentView.swift; sourceTree = "<group>"; };
		80EC3D3F24A2DC0400D49755 /* Assets.xcassets */ = {isa = PBXFileReference; lastKnownFileType = folder.assetcatalog; path = Assets.xcassets; sourceTree = "<group>"; };
		80EC3D4224A2DC0400D49755 /* Preview Assets.xcassets */ = {isa = PBXFileReference; lastKnownFileType = folder.assetcatalog; path = "Preview Assets.xcassets"; sourceTree = "<group>"; };
		80EC3D4524A2DC0400D49755 /* Base */ = {isa = PBXFileReference; lastKnownFileType = file.storyboard; name = Base; path = Base.lproj/LaunchScreen.storyboard; sourceTree = "<group>"; };
		80EC3D4724A2DC0400D49755 /* Info.plist */ = {isa = PBXFileReference; lastKnownFileType = text.plist.xml; path = Info.plist; sourceTree = "<group>"; };
		80EC3D4C24A2DC0400D49755 /* RGBullsEyeTests.xctest */ = {isa = PBXFileReference; explicitFileType = wrapper.cfbundle; includeInIndex = 0; path = RGBullsEyeTests.xctest; sourceTree = BUILT_PRODUCTS_DIR; };
		80EC3D5024A2DC0400D49755 /* RGBullsEyeTests.swift */ = {isa = PBXFileReference; lastKnownFileType = sourcecode.swift; path = RGBullsEyeTests.swift; sourceTree = "<group>"; };
		80EC3D5224A2DC0400D49755 /* Info.plist */ = {isa = PBXFileReference; lastKnownFileType = text.plist.xml; path = Info.plist; sourceTree = "<group>"; };
		80EC3D5724A2DC0400D49755 /* RGBullsEyeUITests.xctest */ = {isa = PBXFileReference; explicitFileType = wrapper.cfbundle; includeInIndex = 0; path = RGBullsEyeUITests.xctest; sourceTree = BUILT_PRODUCTS_DIR; };
		80EC3D5B24A2DC0400D49755 /* RGBullsEyeUITests.swift */ = {isa = PBXFileReference; lastKnownFileType = sourcecode.swift; path = RGBullsEyeUITests.swift; sourceTree = "<group>"; };
		80EC3D5D24A2DC0400D49755 /* Info.plist */ = {isa = PBXFileReference; lastKnownFileType = text.plist.xml; path = Info.plist; sourceTree = "<group>"; };
/* End PBXFileReference section */

/* Begin PBXFrameworksBuildPhase section */
		80EC3D3324A2DC0300D49755 /* Frameworks */ = {
			isa = PBXFrameworksBuildPhase;
			buildActionMask = 2147483647;
			files = (
			);
			runOnlyForDeploymentPostprocessing = 0;
		};
		80EC3D4924A2DC0400D49755 /* Frameworks */ = {
			isa = PBXFrameworksBuildPhase;
			buildActionMask = 2147483647;
			files = (
			);
			runOnlyForDeploymentPostprocessing = 0;
		};
		80EC3D5424A2DC0400D49755 /* Frameworks */ = {
			isa = PBXFrameworksBuildPhase;
			buildActionMask = 2147483647;
			files = (
			);
			runOnlyForDeploymentPostprocessing = 0;
		};
/* End PBXFrameworksBuildPhase section */

/* Begin PBXGroup section */
		80EC3D2D24A2DC0300D49755 = {
			isa = PBXGroup;
			children = (
				80EC3D3824A2DC0300D49755 /* RGBullsEye */,
				80EC3D4F24A2DC0400D49755 /* RGBullsEyeTests */,
				80EC3D5A24A2DC0400D49755 /* RGBullsEyeUITests */,
				80EC3D3724A2DC0300D49755 /* Products */,
			);
			sourceTree = "<group>";
		};
		80EC3D3724A2DC0300D49755 /* Products */ = {
			isa = PBXGroup;
			children = (
				80EC3D3624A2DC0300D49755 /* RGBullsEye.app */,
				80EC3D4C24A2DC0400D49755 /* RGBullsEyeTests.xctest */,
				80EC3D5724A2DC0400D49755 /* RGBullsEyeUITests.xctest */,
			);
			name = Products;
			sourceTree = "<group>";
		};
		80EC3D3824A2DC0300D49755 /* RGBullsEye */ = {
			isa = PBXGroup;
			children = (
				80EC3D3924A2DC0300D49755 /* AppDelegate.swift */,
				80EC3D3B24A2DC0300D49755 /* SceneDelegate.swift */,
				80EC3D3D24A2DC0300D49755 /* ContentView.swift */,
				80EC3D3F24A2DC0400D49755 /* Assets.xcassets */,
				80EC3D4424A2DC0400D49755 /* LaunchScreen.storyboard */,
				80EC3D4724A2DC0400D49755 /* Info.plist */,
				80EC3D4124A2DC0400D49755 /* Preview Content */,
			);
			path = RGBullsEye;
			sourceTree = "<group>";
		};
		80EC3D4124A2DC0400D49755 /* Preview Content */ = {
			isa = PBXGroup;
			children = (
				80EC3D4224A2DC0400D49755 /* Preview Assets.xcassets */,
			);
			path = "Preview Content";
			sourceTree = "<group>";
		};
		80EC3D4F24A2DC0400D49755 /* RGBullsEyeTests */ = {
			isa = PBXGroup;
			children = (
				80EC3D5024A2DC0400D49755 /* RGBullsEyeTests.swift */,
				80EC3D5224A2DC0400D49755 /* Info.plist */,
			);
			path = RGBullsEyeTests;
			sourceTree = "<group>";
		};
		80EC3D5A24A2DC0400D49755 /* RGBullsEyeUITests */ = {
			isa = PBXGroup;
			children = (
				80EC3D5B24A2DC0400D49755 /* RGBullsEyeUITests.swift */,
				80EC3D5D24A2DC0400D49755 /* Info.plist */,
			);
			path = RGBullsEyeUITests;
			sourceTree = "<group>";
		};
/* End PBXGroup section */

/* Begin PBXNativeTarget section */
		80EC3D3524A2DC0300D49755 /* RGBullsEye */ = {
			isa = PBXNativeTarget;
			buildConfigurationList = 80EC3D6024A2DC0400D49755 /* Build configuration list for PBXNativeTarget "RGBullsEye" */;
			buildPhases = (
				80EC3D3224A2DC0300D49755 /* Sources */,
				80EC3D3324A2DC0300D49755 /* Frameworks */,
				80EC3D3424A2DC0300D49755 /* Resources */,
			);
			buildRules = (
			);
			dependencies = (
			);
			name = RGBullsEye;
			productName = RGBullsEye;
			productReference = 80EC3D3624A2DC0300D49755 /* RGBullsEye.app */;
			productType = "com.apple.product-type.application";
		};
		80EC3D4B24A2DC0400D49755 /* RGBullsEyeTests */ = {
			isa = PBXNativeTarget;
			buildConfigurationList = 80EC3D6324A2DC0400D49755 /* Build configuration list for PBXNativeTarget "RGBullsEyeTests" */;
			buildPhases = (
				80EC3D4824A2DC0400D49755 /* Sources */,
				80EC3D4924A2DC0400D49755 /* Frameworks */,
				80EC3D4A24A2DC0400D49755 /* Resources */,
			);
			buildRules = (
			);
			dependencies = (
				80EC3D4E24A2DC0400D49755 /* PBXTargetDependency */,
			);
			name = RGBullsEyeTests;
			productName = RGBullsEyeTests;
			productReference = 80EC3D4C24A2DC0400D49755 /* RGBullsEyeTests.xctest */;
			productType = "com.apple.product-type.bundle.unit-test";
		};
		80EC3D5624A2DC0400D49755 /* RGBullsEyeUITests */ = {
			isa = PBXNativeTarget;
			buildConfigurationList = 80EC3D6624A2DC0400D49755 /* Build configuration list for PBXNativeTarget "RGBullsEyeUITests" */;
			buildPhases = (
				80EC3D5324A2DC0400D49755 /* Sources */,
				80EC3D5424A2DC0400D49755 /* Frameworks */,
				80EC3D5524A2DC0400D49755 /* Resources */,
			);
			buildRules = (
			);
			dependencies = (
				80EC3D5924A2DC0400D49755 /* PBXTargetDependency */,
			);
			name = RGBullsEyeUITests;
			productName = RGBullsEyeUITests;
			productReference = 80EC3D5724A2DC0400D49755 /* RGBullsEyeUITests.xctest */;
			productType = "com.apple.product-type.bundle.ui-testing";
		};
/* End PBXNativeTarget section */

/* Begin PBXProject section */
		80EC3D2E24A2DC0300D49755 /* Project object */ = {
			isa = PBXProject;
			attributes = {
				LastSwiftUpdateCheck = 1140;
				LastUpgradeCheck = 1140;
				ORGANIZATIONNAME = "Umair Saeed";
				TargetAttributes = {
					80EC3D3524A2DC0300D49755 = {
						CreatedOnToolsVersion = 11.4;
					};
					80EC3D4B24A2DC0400D49755 = {
						CreatedOnToolsVersion = 11.4;
						TestTargetID = 80EC3D3524A2DC0300D49755;
					};
					80EC3D5624A2DC0400D49755 = {
						CreatedOnToolsVersion = 11.4;
						TestTargetID = 80EC3D3524A2DC0300D49755;
					};
				};
			};
			buildConfigurationList = 80EC3D3124A2DC0300D49755 /* Build configuration list for PBXProject "RGBullsEye" */;
			compatibilityVersion = "Xcode 9.3";
			developmentRegion = en;
			hasScannedForEncodings = 0;
			knownRegions = (
				en,
				Base,
			);
			mainGroup = 80EC3D2D24A2DC0300D49755;
			productRefGroup = 80EC3D3724A2DC0300D49755 /* Products */;
			projectDirPath = "";
			projectRoot = "";
			targets = (
				80EC3D3524A2DC0300D49755 /* RGBullsEye */,
				80EC3D4B24A2DC0400D49755 /* RGBullsEyeTests */,
				80EC3D5624A2DC0400D49755 /* RGBullsEyeUITests */,
			);
		};
/* End PBXProject section */

/* Begin PBXResourcesBuildPhase section */
		80EC3D3424A2DC0300D49755 /* Resources */ = {
			isa = PBXResourcesBuildPhase;
			buildActionMask = 2147483647;
			files = (
				80EC3D4624A2DC0400D49755 /* LaunchScreen.storyboard in Resources */,
				80EC3D4324A2DC0400D49755 /* Preview Assets.xcassets in Resources */,
				80EC3D4024A2DC0400D49755 /* Assets.xcassets in Resources */,
			);
			runOnlyForDeploymentPostprocessing = 0;
		};
		80EC3D4A24A2DC0400D49755 /* Resources */ = {
			isa = PBXResourcesBuildPhase;
			buildActionMask = 2147483647;
			files = (
			);
			runOnlyForDeploymentPostprocessing = 0;
		};
		80EC3D5524A2DC0400D49755 /* Resources */ = {
			isa = PBXResourcesBuildPhase;
			buildActionMask = 2147483647;
			files = (
			);
			runOnlyForDeploymentPostprocessing = 0;
		};
/* End PBXResourcesBuildPhase section */

/* Begin PBXSourcesBuildPhase section */
		80EC3D3224A2DC0300D49755 /* Sources */ = {
			isa = PBXSourcesBuildPhase;
			buildActionMask = 2147483647;
			files = (
				80EC3D3A24A2DC0300D49755 /* AppDelegate.swift in Sources */,
				80EC3D3C24A2DC0300D49755 /* SceneDelegate.swift in Sources */,
				80EC3D3E24A2DC0300D49755 /* ContentView.swift in Sources */,
			);
			runOnlyForDeploymentPostprocessing = 0;
		};
		80EC3D4824A2DC0400D49755 /* Sources */ = {
			isa = PBXSourcesBuildPhase;
			buildActionMask = 2147483647;
			files = (
				80EC3D5124A2DC0400D49755 /* RGBullsEyeTests.swift in Sources */,
			);
			runOnlyForDeploymentPostprocessing = 0;
		};
		80EC3D5324A2DC0400D49755 /* Sources */ = {
			isa = PBXSourcesBuildPhase;
			buildActionMask = 2147483647;
			files = (
				80EC3D5C24A2DC0400D49755 /* RGBullsEyeUITests.swift in Sources */,
			);
			runOnlyForDeploymentPostprocessing = 0;
		};
/* End PBXSourcesBuildPhase section */

/* Begin PBXTargetDependency section */
		80EC3D4E24A2DC0400D49755 /* PBXTargetDependency */ = {
			isa = PBXTargetDependency;
			target = 80EC3D3524A2DC0300D49755 /* RGBullsEye */;
			targetProxy = 80EC3D4D24A2DC0400D49755 /* PBXContainerItemProxy */;
		};
		80EC3D5924A2DC0400D49755 /* PBXTargetDependency */ = {
			isa = PBXTargetDependency;
			target = 80EC3D3524A2DC0300D49755 /* RGBullsEye */;
			targetProxy = 80EC3D5824A2DC0400D49755 /* PBXContainerItemProxy */;
		};
/* End PBXTargetDependency section */

/* Begin PBXVariantGroup section */
		80EC3D4424A2DC0400D49755 /* LaunchScreen.storyboard */ = {
			isa = PBXVariantGroup;
			children = (
				80EC3D4524A2DC0400D49755 /* Base */,
			);
			name = LaunchScreen.storyboard;
			sourceTree = "<group>";
		};
/* End PBXVariantGroup section */

/* Begin XCBuildConfiguration section */
		80EC3D5E24A2DC0400D49755 /* Debug */ = {
			isa = XCBuildConfiguration;
			buildSettings = {
				ALWAYS_SEARCH_USER_PATHS = NO;
				CLANG_ANALYZER_NONNULL = YES;
				CLANG_ANALYZER_NUMBER_OBJECT_CONVERSION = YES_AGGRESSIVE;
				CLANG_CXX_LANGUAGE_STANDARD = "gnu++14";
				CLANG_CXX_LIBRARY = "libc++";
				CLANG_ENABLE_MODULES = YES;
				CLANG_ENABLE_OBJC_ARC = YES;
				CLANG_ENABLE_OBJC_WEAK = YES;
				CLANG_WARN_BLOCK_CAPTURE_AUTORELEASING = YES;
				CLANG_WARN_BOOL_CONVERSION = YES;
				CLANG_WARN_COMMA = YES;
				CLANG_WARN_CONSTANT_CONVERSION = YES;
				CLANG_WARN_DEPRECATED_OBJC_IMPLEMENTATIONS = YES;
				CLANG_WARN_DIRECT_OBJC_ISA_USAGE = YES_ERROR;
				CLANG_WARN_DOCUMENTATION_COMMENTS = YES;
				CLANG_WARN_EMPTY_BODY = YES;
				CLANG_WARN_ENUM_CONVERSION = YES;
				CLANG_WARN_INFINITE_RECURSION = YES;
				CLANG_WARN_INT_CONVERSION = YES;
				CLANG_WARN_NON_LITERAL_NULL_CONVERSION = YES;
				CLANG_WARN_OBJC_IMPLICIT_RETAIN_SELF = YES;
				CLANG_WARN_OBJC_LITERAL_CONVERSION = YES;
				CLANG_WARN_OBJC_ROOT_CLASS = YES_ERROR;
				CLANG_WARN_RANGE_LOOP_ANALYSIS = YES;
				CLANG_WARN_STRICT_PROTOTYPES = YES;
				CLANG_WARN_SUSPICIOUS_MOVE = YES;
				CLANG_WARN_UNGUARDED_AVAILABILITY = YES_AGGRESSIVE;
				CLANG_WARN_UNREACHABLE_CODE = YES;
				CLANG_WARN__DUPLICATE_METHOD_MATCH = YES;
				COPY_PHASE_STRIP = NO;
				DEBUG_INFORMATION_FORMAT = dwarf;
				ENABLE_STRICT_OBJC_MSGSEND = YES;
				ENABLE_TESTABILITY = YES;
				GCC_C_LANGUAGE_STANDARD = gnu11;
				GCC_DYNAMIC_NO_PIC = NO;
				GCC_NO_COMMON_BLOCKS = YES;
				GCC_OPTIMIZATION_LEVEL = 0;
				GCC_PREPROCESSOR_DEFINITIONS = (
					"DEBUG=1",
					"$(inherited)",
				);
				GCC_WARN_64_TO_32_BIT_CONVERSION = YES;
				GCC_WARN_ABOUT_RETURN_TYPE = YES_ERROR;
				GCC_WARN_UNDECLARED_SELECTOR = YES;
				GCC_WARN_UNINITIALIZED_AUTOS = YES_AGGRESSIVE;
				GCC_WARN_UNUSED_FUNCTION = YES;
				GCC_WARN_UNUSED_VARIABLE = YES;
				IPHONEOS_DEPLOYMENT_TARGET = 13.4;
				MTL_ENABLE_DEBUG_INFO = INCLUDE_SOURCE;
				MTL_FAST_MATH = YES;
				ONLY_ACTIVE_ARCH = YES;
				SDKROOT = iphoneos;
				SWIFT_ACTIVE_COMPILATION_CONDITIONS = DEBUG;
				SWIFT_OPTIMIZATION_LEVEL = "-Onone";
			};
			name = Debug;
		};
		80EC3D5F24A2DC0400D49755 /* Release */ = {
			isa = XCBuildConfiguration;
			buildSettings = {
				ALWAYS_SEARCH_USER_PATHS = NO;
				CLANG_ANALYZER_NONNULL = YES;
				CLANG_ANALYZER_NUMBER_OBJECT_CONVERSION = YES_AGGRESSIVE;
				CLANG_CXX_LANGUAGE_STANDARD = "gnu++14";
				CLANG_CXX_LIBRARY = "libc++";
				CLANG_ENABLE_MODULES = YES;
				CLANG_ENABLE_OBJC_ARC = YES;
				CLANG_ENABLE_OBJC_WEAK = YES;
				CLANG_WARN_BLOCK_CAPTURE_AUTORELEASING = YES;
				CLANG_WARN_BOOL_CONVERSION = YES;
				CLANG_WARN_COMMA = YES;
				CLANG_WARN_CONSTANT_CONVERSION = YES;
				CLANG_WARN_DEPRECATED_OBJC_IMPLEMENTATIONS = YES;
				CLANG_WARN_DIRECT_OBJC_ISA_USAGE = YES_ERROR;
				CLANG_WARN_DOCUMENTATION_COMMENTS = YES;
				CLANG_WARN_EMPTY_BODY = YES;
				CLANG_WARN_ENUM_CONVERSION = YES;
				CLANG_WARN_INFINITE_RECURSION = YES;
				CLANG_WARN_INT_CONVERSION = YES;
				CLANG_WARN_NON_LITERAL_NULL_CONVERSION = YES;
				CLANG_WARN_OBJC_IMPLICIT_RETAIN_SELF = YES;
				CLANG_WARN_OBJC_LITERAL_CONVERSION = YES;
				CLANG_WARN_OBJC_ROOT_CLASS = YES_ERROR;
				CLANG_WARN_RANGE_LOOP_ANALYSIS = YES;
				CLANG_WARN_STRICT_PROTOTYPES = YES;
				CLANG_WARN_SUSPICIOUS_MOVE = YES;
				CLANG_WARN_UNGUARDED_AVAILABILITY = YES_AGGRESSIVE;
				CLANG_WARN_UNREACHABLE_CODE = YES;
				CLANG_WARN__DUPLICATE_METHOD_MATCH = YES;
				COPY_PHASE_STRIP = NO;
				DEBUG_INFORMATION_FORMAT = "dwarf-with-dsym";
				ENABLE_NS_ASSERTIONS = NO;
				ENABLE_STRICT_OBJC_MSGSEND = YES;
				GCC_C_LANGUAGE_STANDARD = gnu11;
				GCC_NO_COMMON_BLOCKS = YES;
				GCC_WARN_64_TO_32_BIT_CONVERSION = YES;
				GCC_WARN_ABOUT_RETURN_TYPE = YES_ERROR;
				GCC_WARN_UNDECLARED_SELECTOR = YES;
				GCC_WARN_UNINITIALIZED_AUTOS = YES_AGGRESSIVE;
				GCC_WARN_UNUSED_FUNCTION = YES;
				GCC_WARN_UNUSED_VARIABLE = YES;
				IPHONEOS_DEPLOYMENT_TARGET = 13.4;
				MTL_ENABLE_DEBUG_INFO = NO;
				MTL_FAST_MATH = YES;
				SDKROOT = iphoneos;
				SWIFT_COMPILATION_MODE = wholemodule;
				SWIFT_OPTIMIZATION_LEVEL = "-O";
				VALIDATE_PRODUCT = YES;
			};
			name = Release;
		};
		80EC3D6124A2DC0400D49755 /* Debug */ = {
			isa = XCBuildConfiguration;
			buildSettings = {
				ASSETCATALOG_COMPILER_APPICON_NAME = AppIcon;
				CODE_SIGN_STYLE = Automatic;
				DEVELOPMENT_ASSET_PATHS = "\"RGBullsEye/Preview Content\"";
				ENABLE_PREVIEWS = YES;
				INFOPLIST_FILE = RGBullsEye/Info.plist;
				LD_RUNPATH_SEARCH_PATHS = (
					"$(inherited)",
					"@executable_path/Frameworks",
				);
				PRODUCT_BUNDLE_IDENTIFIER = com.umairsaeed.RGBullsEye;
				PRODUCT_NAME = "$(TARGET_NAME)";
				SWIFT_VERSION = 5.0;
				TARGETED_DEVICE_FAMILY = "1,2";
			};
			name = Debug;
		};
		80EC3D6224A2DC0400D49755 /* Release */ = {
			isa = XCBuildConfiguration;
			buildSettings = {
				ASSETCATALOG_COMPILER_APPICON_NAME = AppIcon;
				CODE_SIGN_STYLE = Automatic;
				DEVELOPMENT_ASSET_PATHS = "\"RGBullsEye/Preview Content\"";
				ENABLE_PREVIEWS = YES;
				INFOPLIST_FILE = RGBullsEye/Info.plist;
				LD_RUNPATH_SEARCH_PATHS = (
					"$(inherited)",
					"@executable_path/Frameworks",
				);
				PRODUCT_BUNDLE_IDENTIFIER = com.umairsaeed.RGBullsEye;
				PRODUCT_NAME = "$(TARGET_NAME)";
				SWIFT_VERSION = 5.0;
				TARGETED_DEVICE_FAMILY = "1,2";
			};
			name = Release;
		};
		80EC3D6424A2DC0400D49755 /* Debug */ = {
			isa = XCBuildConfiguration;
			buildSettings = {
				ALWAYS_EMBED_SWIFT_STANDARD_LIBRARIES = YES;
				BUNDLE_LOADER = "$(TEST_HOST)";
				CODE_SIGN_STYLE = Automatic;
				INFOPLIST_FILE = RGBullsEyeTests/Info.plist;
				IPHONEOS_DEPLOYMENT_TARGET = 13.4;
				LD_RUNPATH_SEARCH_PATHS = (
					"$(inherited)",
					"@executable_path/Frameworks",
					"@loader_path/Frameworks",
				);
				PRODUCT_BUNDLE_IDENTIFIER = com.umairsaeed.RGBullsEyeTests;
				PRODUCT_NAME = "$(TARGET_NAME)";
				SWIFT_VERSION = 5.0;
				TARGETED_DEVICE_FAMILY = "1,2";
				TEST_HOST = "$(BUILT_PRODUCTS_DIR)/RGBullsEye.app/RGBullsEye";
			};
			name = Debug;
		};
		80EC3D6524A2DC0400D49755 /* Release */ = {
			isa = XCBuildConfiguration;
			buildSettings = {
				ALWAYS_EMBED_SWIFT_STANDARD_LIBRARIES = YES;
				BUNDLE_LOADER = "$(TEST_HOST)";
				CODE_SIGN_STYLE = Automatic;
				INFOPLIST_FILE = RGBullsEyeTests/Info.plist;
				IPHONEOS_DEPLOYMENT_TARGET = 13.4;
				LD_RUNPATH_SEARCH_PATHS = (
					"$(inherited)",
					"@executable_path/Frameworks",
					"@loader_path/Frameworks",
				);
				PRODUCT_BUNDLE_IDENTIFIER = com.umairsaeed.RGBullsEyeTests;
				PRODUCT_NAME = "$(TARGET_NAME)";
				SWIFT_VERSION = 5.0;
				TARGETED_DEVICE_FAMILY = "1,2";
				TEST_HOST = "$(BUILT_PRODUCTS_DIR)/RGBullsEye.app/RGBullsEye";
			};
			name = Release;
		};
		80EC3D6724A2DC0400D49755 /* Debug */ = {
			isa = XCBuildConfiguration;
			buildSettings = {
				ALWAYS_EMBED_SWIFT_STANDARD_LIBRARIES = YES;
				CODE_SIGN_STYLE = Automatic;
				INFOPLIST_FILE = RGBullsEyeUITests/Info.plist;
				LD_RUNPATH_SEARCH_PATHS = (
					"$(inherited)",
					"@executable_path/Frameworks",
					"@loader_path/Frameworks",
				);
				PRODUCT_BUNDLE_IDENTIFIER = com.umairsaeed.RGBullsEyeUITests;
				PRODUCT_NAME = "$(TARGET_NAME)";
				SWIFT_VERSION = 5.0;
				TARGETED_DEVICE_FAMILY = "1,2";
				TEST_TARGET_NAME = RGBullsEye;
			};
			name = Debug;
		};
		80EC3D6824A2DC0400D49755 /* Release */ = {
			isa = XCBuildConfiguration;
			buildSettings = {
				ALWAYS_EMBED_SWIFT_STANDARD_LIBRARIES = YES;
				CODE_SIGN_STYLE = Automatic;
				INFOPLIST_FILE = RGBullsEyeUITests/Info.plist;
				LD_RUNPATH_SEARCH_PATHS = (
					"$(inherited)",
					"@executable_path/Frameworks",
					"@loader_path/Frameworks",
				);
				PRODUCT_BUNDLE_IDENTIFIER = com.umairsaeed.RGBullsEyeUITests;
				PRODUCT_NAME = "$(TARGET_NAME)";
				SWIFT_VERSION = 5.0;
				TARGETED_DEVICE_FAMILY = "1,2";
				TEST_TARGET_NAME = RGBullsEye;
			};
			name = Release;
		};
/* End XCBuildConfiguration section */

/* Begin XCConfigurationList section */
		80EC3D3124A2DC0300D49755 /* Build configuration list for PBXProject "RGBullsEye" */ = {
			isa = XCConfigurationList;
			buildConfigurations = (
				80EC3D5E24A2DC0400D49755 /* Debug */,
				80EC3D5F24A2DC0400D49755 /* Release */,
			);
			defaultConfigurationIsVisible = 0;
			defaultConfigurationName = Release;
		};
		80EC3D6024A2DC0400D49755 /* Build configuration list for PBXNativeTarget "RGBullsEye" */ = {
			isa = XCConfigurationList;
			buildConfigurations = (
				80EC3D6124A2DC0400D49755 /* Debug */,
				80EC3D6224A2DC0400D49755 /* Release */,
			);
			defaultConfigurationIsVisible = 0;
			defaultConfigurationName = Release;
		};
		80EC3D6324A2DC0400D49755 /* Build configuration list for PBXNativeTarget "RGBullsEyeTests" */ = {
			isa = XCConfigurationList;
			buildConfigurations = (
				80EC3D6424A2DC0400D49755 /* Debug */,
				80EC3D6524A2DC0400D49755 /* Release */,
			);
			defaultConfigurationIsVisible = 0;
			defaultConfigurationName = Release;
		};
		80EC3D6624A2DC0400D49755 /* Build configuration list for PBXNativeTarget "RGBullsEyeUITests" */ = {
			isa = XCConfigurationList;
			buildConfigurations = (
				80EC3D6724A2DC0400D49755 /* Debug */,
				80EC3D6824A2DC0400D49755 /* Release */,
			);
			defaultConfigurationIsVisible = 0;
			defaultConfigurationName = Release;
		};
/* End XCConfigurationList section */
	};
	rootObject = 80EC3D2E24A2DC0300D49755 /* Project object */;
}
